
Microsoft Visual Studio Solution File, Format Version 12.00
# Visual Studio Version 17
VisualStudioVersion = 17.6.33829.357
MinimumVisualStudioVersion = 10.0.40219.1
Project("{9A19103F-16F7-4668-BE54-9A1E7A4F7556}") = "Optix_Sample_FromPlcToModel", "Optix_Sample_FromPlcToModel.csproj", "{7044C55A-4DD1-873D-B7A8-A158350AE716}"
EndProject
Global
	GlobalSection(SolutionConfigurationPlatforms) = preSolution
		Debug|Any CPU = Debug|Any CPU
		Release|Any CPU = Release|Any CPU
	EndGlobalSection
	GlobalSection(ProjectConfigurationPlatforms) = postSolution
		{7044C55A-4DD1-873D-B7A8-A158350AE716}.Debug|Any CPU.ActiveCfg = Debug|Any CPU
		{7044C55A-4DD1-873D-B7A8-A158350AE716}.Debug|Any CPU.Build.0 = Debug|Any CPU
		{7044C55A-4DD1-873D-B7A8-A158350AE716}.Release|Any CPU.ActiveCfg = Release|Any CPU
		{7044C55A-4DD1-873D-B7A8-A158350AE716}.Release|Any CPU.Build.0 = Release|Any CPU
	EndGlobalSection
	GlobalSection(SolutionProperties) = preSolution
		HideSolutionNode = FALSE
	EndGlobalSection
EndGlobal
